// !$*UTF8*$!
{
	archiveVersion = 1;
	classes = {
	};
	objectVersion = 56;
	objects = {

/* Begin PBXBuildFile section */
		0ECB3DAF29390CC800BBD82E /* M6_L2_Task2App.swift in Sources */ = {isa = PBXBuildFile; fileRef = 0ECB3DAE29390CC800BBD82E /* M6_L2_Task2App.swift */; };
		0ECB3DB129390CC800BBD82E /* ContentView.swift in Sources */ = {isa = PBXBuildFile; fileRef = 0ECB3DB029390CC800BBD82E /* ContentView.swift */; };
		0ECB3DB329390CC900BBD82E /* Assets.xcassets in Resources */ = {isa = PBXBuildFile; fileRef = 0ECB3DB229390CC900BBD82E /* Assets.xcassets */; };
		0ECB3DB629390CC900BBD82E /* Preview Assets.xcassets in Resources */ = {isa = PBXBuildFile; fileRef = 0ECB3DB529390CC900BBD82E /* Preview Assets.xcassets */; };
		0ECB3DB829390CC900BBD82E /* Persistence.swift in Sources */ = {isa = PBXBuildFile; fileRef = 0ECB3DB729390CC900BBD82E /* Persistence.swift */; };
		0ECB3DBB29390CC900BBD82E /* M6_L2_Task2.xcdatamodeld in Sources */ = {isa = PBXBuildFile; fileRef = 0ECB3DB929390CC900BBD82E /* M6_L2_Task2.xcdatamodeld */; };
		0ECB3DC529390D5300BBD82E /* Localizable.strings in Resources */ = {isa = PBXBuildFile; fileRef = 0ECB3DC729390D5300BBD82E /* Localizable.strings */; };
		0ECB3DCB29390DE300BBD82E /* Language.swift in Sources */ = {isa = PBXBuildFile; fileRef = 0ECB3DCA29390DE300BBD82E /* Language.swift */; };
/* End PBXBuildFile section */

/* Begin PBXFileReference section */
		0ECB3DAB29390CC800BBD82E /* M6_L2_Task2.app */ = {isa = PBXFileReference; explicitFileType = wrapper.application; includeInIndex = 0; path = M6_L2_Task2.app; sourceTree = BUILT_PRODUCTS_DIR; };
		0ECB3DAE29390CC800BBD82E /* M6_L2_Task2App.swift */ = {isa = PBXFileReference; lastKnownFileType = sourcecode.swift; path = M6_L2_Task2App.swift; sourceTree = "<group>"; };
		0ECB3DB029390CC800BBD82E /* ContentView.swift */ = {isa = PBXFileReference; lastKnownFileType = sourcecode.swift; path = ContentView.swift; sourceTree = "<group>"; };
		0ECB3DB229390CC900BBD82E /* Assets.xcassets */ = {isa = PBXFileReference; lastKnownFileType = folder.assetcatalog; path = Assets.xcassets; sourceTree = "<group>"; };
		0ECB3DB529390CC900BBD82E /* Preview Assets.xcassets */ = {isa = PBXFileReference; lastKnownFileType = folder.assetcatalog; path = "Preview Assets.xcassets"; sourceTree = "<group>"; };
		0ECB3DB729390CC900BBD82E /* Persistence.swift */ = {isa = PBXFileReference; lastKnownFileType = sourcecode.swift; path = Persistence.swift; sourceTree = "<group>"; };
		0ECB3DBA29390CC900BBD82E /* M6_L2_Task2.xcdatamodel */ = {isa = PBXFileReference; lastKnownFileType = wrapper.xcdatamodel; path = M6_L2_Task2.xcdatamodel; sourceTree = "<group>"; };
		0ECB3DC629390D5300BBD82E /* en */ = {isa = PBXFileReference; lastKnownFileType = text.plist.strings; name = en; path = en.lproj/Localizable.strings; sourceTree = "<group>"; };
		0ECB3DC829390D5700BBD82E /* zh-HK */ = {isa = PBXFileReference; lastKnownFileType = text.plist.strings; name = "zh-HK"; path = "zh-HK.lproj/Localizable.strings"; sourceTree = "<group>"; };
		0ECB3DC929390D5800BBD82E /* ko */ = {isa = PBXFileReference; lastKnownFileType = text.plist.strings; name = ko; path = ko.lproj/Localizable.strings; sourceTree = "<group>"; };
		0ECB3DCA29390DE300BBD82E /* Language.swift */ = {isa = PBXFileReference; lastKnownFileType = sourcecode.swift; path = Language.swift; sourceTree = "<group>"; };
/* End PBXFileReference section */

/* Begin PBXFrameworksBuildPhase section */
		0ECB3DA829390CC800BBD82E /* Frameworks */ = {
			isa = PBXFrameworksBuildPhase;
			buildActionMask = 2147483647;
			files = (
			);
			runOnlyForDeploymentPostprocessing = 0;
		};
/* End PBXFrameworksBuildPhase section */

/* Begin PBXGroup section */
		0ECB3DA229390CC800BBD82E = {
			isa = PBXGroup;
			children = (
				0ECB3DAD29390CC800BBD82E /* M6_L2_Task2 */,
				0ECB3DAC29390CC800BBD82E /* Products */,
			);
			sourceTree = "<group>";
		};
		0ECB3DAC29390CC800BBD82E /* Products */ = {
			isa = PBXGroup;
			children = (
				0ECB3DAB29390CC800BBD82E /* M6_L2_Task2.app */,
			);
			name = Products;
			sourceTree = "<group>";
		};
		0ECB3DAD29390CC800BBD82E /* M6_L2_Task2 */ = {
			isa = PBXGroup;
			children = (
				0ECB3DC229390D0500BBD82E /* screens */,
				0ECB3DAE29390CC800BBD82E /* M6_L2_Task2App.swift */,
				0ECB3DB729390CC900BBD82E /* Persistence.swift */,
				0ECB3DC129390CF100BBD82E /* apputils */,
				0ECB3DB429390CC900BBD82E /* Preview Content */,
				0ECB3DC729390D5300BBD82E /* Localizable.strings */,
			);
			path = M6_L2_Task2;
			sourceTree = "<group>";
		};
		0ECB3DB429390CC900BBD82E /* Preview Content */ = {
			isa = PBXGroup;
			children = (
				0ECB3DB529390CC900BBD82E /* Preview Assets.xcassets */,
			);
			path = "Preview Content";
			sourceTree = "<group>";
		};
		0ECB3DC129390CF100BBD82E /* apputils */ = {
			isa = PBXGroup;
			children = (
				0ECB3DB929390CC900BBD82E /* M6_L2_Task2.xcdatamodeld */,
				0ECB3DB229390CC900BBD82E /* Assets.xcassets */,
				0ECB3DCA29390DE300BBD82E /* Language.swift */,
			);
			path = apputils;
			sourceTree = "<group>";
		};
		0ECB3DC229390D0500BBD82E /* screens */ = {
			isa = PBXGroup;
			children = (
				0ECB3DB029390CC800BBD82E /* ContentView.swift */,
			);
			path = screens;
			sourceTree = "<group>";
		};
/* End PBXGroup section */

/* Begin PBXNativeTarget section */
		0ECB3DAA29390CC800BBD82E /* M6_L2_Task2 */ = {
			isa = PBXNativeTarget;
			buildConfigurationList = 0ECB3DBE29390CC900BBD82E /* Build configuration list for PBXNativeTarget "M6_L2_Task2" */;
			buildPhases = (
				0ECB3DA729390CC800BBD82E /* Sources */,
				0ECB3DA829390CC800BBD82E /* Frameworks */,
				0ECB3DA929390CC800BBD82E /* Resources */,
			);
			buildRules = (
			);
			dependencies = (
			);
			name = M6_L2_Task2;
			productName = M6_L2_Task2;
			productReference = 0ECB3DAB29390CC800BBD82E /* M6_L2_Task2.app */;
			productType = "com.apple.product-type.application";
		};
/* End PBXNativeTarget section */

/* Begin PBXProject section */
		0ECB3DA329390CC800BBD82E /* Project object */ = {
			isa = PBXProject;
			attributes = {
				BuildIndependentTargetsInParallel = 1;
				LastSwiftUpdateCheck = 1410;
				LastUpgradeCheck = 1410;
				TargetAttributes = {
					0ECB3DAA29390CC800BBD82E = {
						CreatedOnToolsVersion = 14.1;
					};
				};
			};
			buildConfigurationList = 0ECB3DA629390CC800BBD82E /* Build configuration list for PBXProject "M6_L2_Task2" */;
			compatibilityVersion = "Xcode 14.0";
			developmentRegion = en;
			hasScannedForEncodings = 0;
			knownRegions = (
				en,
				Base,
				ko,
				"zh-HK",
			);
			mainGroup = 0ECB3DA229390CC800BBD82E;
			productRefGroup = 0ECB3DAC29390CC800BBD82E /* Products */;
			projectDirPath = "";
			projectRoot = "";
			targets = (
				0ECB3DAA29390CC800BBD82E /* M6_L2_Task2 */,
			);
		};
/* End PBXProject section */

/* Begin PBXResourcesBuildPhase section */
		0ECB3DA929390CC800BBD82E /* Resources */ = {
			isa = PBXResourcesBuildPhase;
			buildActionMask = 2147483647;
			files = (
				0ECB3DB629390CC900BBD82E /* Preview Assets.xcassets in Resources */,
				0ECB3DC529390D5300BBD82E /* Localizable.strings in Resources */,
				0ECB3DB329390CC900BBD82E /* Assets.xcassets in Resources */,
			);
			runOnlyForDeploymentPostprocessing = 0;
		};
/* End PBXResourcesBuildPhase section */

/* Begin PBXSourcesBuildPhase section */
		0ECB3DA729390CC800BBD82E /* Sources */ = {
			isa = PBXSourcesBuildPhase;
			buildActionMask = 2147483647;
			files = (
				0ECB3DBB29390CC900BBD82E /* M6_L2_Task2.xcdatamodeld in Sources */,
				0ECB3DCB29390DE300BBD82E /* Language.swift in Sources */,
				0ECB3DB829390CC900BBD82E /* Persistence.swift in Sources */,
				0ECB3DB129390CC800BBD82E /* ContentView.swift in Sources */,
				0ECB3DAF29390CC800BBD82E /* M6_L2_Task2App.swift in Sources */,
			);
			runOnlyForDeploymentPostprocessing = 0;
		};
/* End PBXSourcesBuildPhase section */

/* Begin PBXVariantGroup section */
		0ECB3DC729390D5300BBD82E /* Localizable.strings */ = {
			isa = PBXVariantGroup;
			children = (
				0ECB3DC629390D5300BBD82E /* en */,
				0ECB3DC829390D5700BBD82E /* zh-HK */,
				0ECB3DC929390D5800BBD82E /* ko */,
			);
			name = Localizable.strings;
			sourceTree = "<group>";
		};
/* End PBXVariantGroup section */

/* Begin XCBuildConfiguration section */
		0ECB3DBC29390CC900BBD82E /* Debug */ = {
			isa = XCBuildConfiguration;
			buildSettings = {
				ALWAYS_SEARCH_USER_PATHS = NO;
				CLANG_ANALYZER_NONNULL = YES;
				CLANG_ANALYZER_NUMBER_OBJECT_CONVERSION = YES_AGGRESSIVE;
				CLANG_CXX_LANGUAGE_STANDARD = "gnu++20";
				CLANG_ENABLE_MODULES = YES;
				CLANG_ENABLE_OBJC_ARC = YES;
				CLANG_ENABLE_OBJC_WEAK = YES;
				CLANG_WARN_BLOCK_CAPTURE_AUTORELEASING = YES;
				CLANG_WARN_BOOL_CONVERSION = YES;
				CLANG_WARN_COMMA = YES;
				CLANG_WARN_CONSTANT_CONVERSION = YES;
				CLANG_WARN_DEPRECATED_OBJC_IMPLEMENTATIONS = YES;
				CLANG_WARN_DIRECT_OBJC_ISA_USAGE = YES_ERROR;
				CLANG_WARN_DOCUMENTATION_COMMENTS = YES;
				CLANG_WARN_EMPTY_BODY = YES;
				CLANG_WARN_ENUM_CONVERSION = YES;
				CLANG_WARN_INFINITE_RECURSION = YES;
				CLANG_WARN_INT_CONVERSION = YES;
				CLANG_WARN_NON_LITERAL_NULL_CONVERSION = YES;
				CLANG_WARN_OBJC_IMPLICIT_RETAIN_SELF = YES;
				CLANG_WARN_OBJC_LITERAL_CONVERSION = YES;
				CLANG_WARN_OBJC_ROOT_CLASS = YES_ERROR;
				CLANG_WARN_QUOTED_INCLUDE_IN_FRAMEWORK_HEADER = YES;
				CLANG_WARN_RANGE_LOOP_ANALYSIS = YES;
				CLANG_WARN_STRICT_PROTOTYPES = YES;
				CLANG_WARN_SUSPICIOUS_MOVE = YES;
				CLANG_WARN_UNGUARDED_AVAILABILITY = YES_AGGRESSIVE;
				CLANG_WARN_UNREACHABLE_CODE = YES;
				CLANG_WARN__DUPLICATE_METHOD_MATCH = YES;
				COPY_PHASE_STRIP = NO;
				DEBUG_INFORMATION_FORMAT = dwarf;
				ENABLE_STRICT_OBJC_MSGSEND = YES;
				ENABLE_TESTABILITY = YES;
				GCC_C_LANGUAGE_STANDARD = gnu11;
				GCC_DYNAMIC_NO_PIC = NO;
				GCC_NO_COMMON_BLOCKS = YES;
				GCC_OPTIMIZATION_LEVEL = 0;
				GCC_PREPROCESSOR_DEFINITIONS = (
					"DEBUG=1",
					"$(inherited)",
				);
				GCC_WARN_64_TO_32_BIT_CONVERSION = YES;
				GCC_WARN_ABOUT_RETURN_TYPE = YES_ERROR;
				GCC_WARN_UNDECLARED_SELECTOR = YES;
				GCC_WARN_UNINITIALIZED_AUTOS = YES_AGGRESSIVE;
				GCC_WARN_UNUSED_FUNCTION = YES;
				GCC_WARN_UNUSED_VARIABLE = YES;
				IPHONEOS_DEPLOYMENT_TARGET = 16.1;
				MTL_ENABLE_DEBUG_INFO = INCLUDE_SOURCE;
				MTL_FAST_MATH = YES;
				ONLY_ACTIVE_ARCH = YES;
				SDKROOT = iphoneos;
				SWIFT_ACTIVE_COMPILATION_CONDITIONS = DEBUG;
				SWIFT_OPTIMIZATION_LEVEL = "-Onone";
			};
			name = Debug;
		};
		0ECB3DBD29390CC900BBD82E /* Release */ = {
			isa = XCBuildConfiguration;
			buildSettings = {
				ALWAYS_SEARCH_USER_PATHS = NO;
				CLANG_ANALYZER_NONNULL = YES;
				CLANG_ANALYZER_NUMBER_OBJECT_CONVERSION = YES_AGGRESSIVE;
				CLANG_CXX_LANGUAGE_STANDARD = "gnu++20";
				CLANG_ENABLE_MODULES = YES;
				CLANG_ENABLE_OBJC_ARC = YES;
				CLANG_ENABLE_OBJC_WEAK = YES;
				CLANG_WARN_BLOCK_CAPTURE_AUTORELEASING = YES;
				CLANG_WARN_BOOL_CONVERSION = YES;
				CLANG_WARN_COMMA = YES;
				CLANG_WARN_CONSTANT_CONVERSION = YES;
				CLANG_WARN_DEPRECATED_OBJC_IMPLEMENTATIONS = YES;
				CLANG_WARN_DIRECT_OBJC_ISA_USAGE = YES_ERROR;
				CLANG_WARN_DOCUMENTATION_COMMENTS = YES;
				CLANG_WARN_EMPTY_BODY = YES;
				CLANG_WARN_ENUM_CONVERSION = YES;
				CLANG_WARN_INFINITE_RECURSION = YES;
				CLANG_WARN_INT_CONVERSION = YES;
				CLANG_WARN_NON_LITERAL_NULL_CONVERSION = YES;
				CLANG_WARN_OBJC_IMPLICIT_RETAIN_SELF = YES;
				CLANG_WARN_OBJC_LITERAL_CONVERSION = YES;
				CLANG_WARN_OBJC_ROOT_CLASS = YES_ERROR;
				CLANG_WARN_QUOTED_INCLUDE_IN_FRAMEWORK_HEADER = YES;
				CLANG_WARN_RANGE_LOOP_ANALYSIS = YES;
				CLANG_WARN_STRICT_PROTOTYPES = YES;
				CLANG_WARN_SUSPICIOUS_MOVE = YES;
				CLANG_WARN_UNGUARDED_AVAILABILITY = YES_AGGRESSIVE;
				CLANG_WARN_UNREACHABLE_CODE = YES;
				CLANG_WARN__DUPLICATE_METHOD_MATCH = YES;
				COPY_PHASE_STRIP = NO;
				DEBUG_INFORMATION_FORMAT = "dwarf-with-dsym";
				ENABLE_NS_ASSERTIONS = NO;
				ENABLE_STRICT_OBJC_MSGSEND = YES;
				GCC_C_LANGUAGE_STANDARD = gnu11;
				GCC_NO_COMMON_BLOCKS = YES;
				GCC_WARN_64_TO_32_BIT_CONVERSION = YES;
				GCC_WARN_ABOUT_RETURN_TYPE = YES_ERROR;
				GCC_WARN_UNDECLARED_SELECTOR = YES;
				GCC_WARN_UNINITIALIZED_AUTOS = YES_AGGRESSIVE;
				GCC_WARN_UNUSED_FUNCTION = YES;
				GCC_WARN_UNUSED_VARIABLE = YES;
				IPHONEOS_DEPLOYMENT_TARGET = 16.1;
				MTL_ENABLE_DEBUG_INFO = NO;
				MTL_FAST_MATH = YES;
				SDKROOT = iphoneos;
				SWIFT_COMPILATION_MODE = wholemodule;
				SWIFT_OPTIMIZATION_LEVEL = "-O";
				VALIDATE_PRODUCT = YES;
			};
			name = Release;
		};
		0ECB3DBF29390CC900BBD82E /* Debug */ = {
			isa = XCBuildConfiguration;
			buildSettings = {
				ASSETCATALOG_COMPILER_APPICON_NAME = AppIcon;
				ASSETCATALOG_COMPILER_GLOBAL_ACCENT_COLOR_NAME = AccentColor;
				CODE_SIGN_STYLE = Automatic;
				CURRENT_PROJECT_VERSION = 1;
				DEVELOPMENT_ASSET_PATHS = "\"M6_L2_Task2/Preview Content\"";
				ENABLE_PREVIEWS = YES;
				GENERATE_INFOPLIST_FILE = YES;
				INFOPLIST_KEY_UIApplicationSceneManifest_Generation = YES;
				INFOPLIST_KEY_UIApplicationSupportsIndirectInputEvents = YES;
				INFOPLIST_KEY_UILaunchScreen_Generation = YES;
				INFOPLIST_KEY_UISupportedInterfaceOrientations_iPad = "UIInterfaceOrientationPortrait UIInterfaceOrientationPortraitUpsideDown UIInterfaceOrientationLandscapeLeft UIInterfaceOrientationLandscapeRight";
				INFOPLIST_KEY_UISupportedInterfaceOrientations_iPhone = "UIInterfaceOrientationPortrait UIInterfaceOrientationLandscapeLeft UIInterfaceOrientationLandscapeRight";
				LD_RUNPATH_SEARCH_PATHS = (
					"$(inherited)",
					"@executable_path/Frameworks",
				);
				MARKETING_VERSION = 1.0;
				PRODUCT_BUNDLE_IDENTIFIER = "com.mysoft.M6-L2-Task2";
				PRODUCT_NAME = "$(TARGET_NAME)";
				SWIFT_EMIT_LOC_STRINGS = YES;
				SWIFT_VERSION = 5.0;
				TARGETED_DEVICE_FAMILY = "1,2";
			};
			name = Debug;
		};
		0ECB3DC029390CC900BBD82E /* Release */ = {
			isa = XCBuildConfiguration;
			buildSettings = {
				ASSETCATALOG_COMPILER_APPICON_NAME = AppIcon;
				ASSETCATALOG_COMPILER_GLOBAL_ACCENT_COLOR_NAME = AccentColor;
				CODE_SIGN_STYLE = Automatic;
				CURRENT_PROJECT_VERSION = 1;
				DEVELOPMENT_ASSET_PATHS = "\"M6_L2_Task2/Preview Content\"";
				ENABLE_PREVIEWS = YES;
				GENERATE_INFOPLIST_FILE = YES;
				INFOPLIST_KEY_UIApplicationSceneManifest_Generation = YES;
				INFOPLIST_KEY_UIApplicationSupportsIndirectInputEvents = YES;
				INFOPLIST_KEY_UILaunchScreen_Generation = YES;
				INFOPLIST_KEY_UISupportedInterfaceOrientations_iPad = "UIInterfaceOrientationPortrait UIInterfaceOrientationPortraitUpsideDown UIInterfaceOrientationLandscapeLeft UIInterfaceOrientationLandscapeRight";
				INFOPLIST_KEY_UISupportedInterfaceOrientations_iPhone = "UIInterfaceOrientationPortrait UIInterfaceOrientationLandscapeLeft UIInterfaceOrientationLandscapeRight";
				LD_RUNPATH_SEARCH_PATHS = (
					"$(inherited)",
					"@executable_path/Frameworks",
				);
				MARKETING_VERSION = 1.0;
				PRODUCT_BUNDLE_IDENTIFIER = "com.mysoft.M6-L2-Task2";
				PRODUCT_NAME = "$(TARGET_NAME)";
				SWIFT_EMIT_LOC_STRINGS = YES;
				SWIFT_VERSION = 5.0;
				TARGETED_DEVICE_FAMILY = "1,2";
			};
			name = Release;
		};
/* End XCBuildConfiguration section */

/* Begin XCConfigurationList section */
		0ECB3DA629390CC800BBD82E /* Build configuration list for PBXProject "M6_L2_Task2" */ = {
			isa = XCConfigurationList;
			buildConfigurations = (
				0ECB3DBC29390CC900BBD82E /* Debug */,
				0ECB3DBD29390CC900BBD82E /* Release */,
			);
			defaultConfigurationIsVisible = 0;
			defaultConfigurationName = Release;
		};
		0ECB3DBE29390CC900BBD82E /* Build configuration list for PBXNativeTarget "M6_L2_Task2" */ = {
			isa = XCConfigurationList;
			buildConfigurations = (
				0ECB3DBF29390CC900BBD82E /* Debug */,
				0ECB3DC029390CC900BBD82E /* Release */,
			);
			defaultConfigurationIsVisible = 0;
			defaultConfigurationName = Release;
		};
/* End XCConfigurationList section */

/* Begin XCVersionGroup section */
		0ECB3DB929390CC900BBD82E /* M6_L2_Task2.xcdatamodeld */ = {
			isa = XCVersionGroup;
			children = (
				0ECB3DBA29390CC900BBD82E /* M6_L2_Task2.xcdatamodel */,
			);
			currentVersion = 0ECB3DBA29390CC900BBD82E /* M6_L2_Task2.xcdatamodel */;
			path = M6_L2_Task2.xcdatamodeld;
			sourceTree = "<group>";
			versionGroupType = wrapper.xcdatamodel;
		};
/* End XCVersionGroup section */
	};
	rootObject = 0ECB3DA329390CC800BBD82E /* Project object */;
}
